{
    "name": "logd",
    "version": "5.1.5",
    "lockfileVersion": 3,
    "requires": true,
    "packages": {
        "": {
            "name": "logd",
            "version": "5.1.5",
            "license": "MIT",
            "dependencies": {
                "error-stack-parser": "^2.1.4",
                "logd-console-output": "^3.0.5"
            },
            "devDependencies": {
                "@tsconfig/node22": "^22.0.1",
                "@types/node": "^22.14.1",
                "typescript": "^5.8.3"
            }
        },
        "node_modules/@tsconfig/node22": {
            "version": "22.0.1",
            "resolved": "https://registry.npmjs.org/@tsconfig/node22/-/node22-22.0.1.tgz",
            "integrity": "sha512-VkgOa3n6jvs1p+r3DiwBqeEwGAwEvnVCg/hIjiANl5IEcqP3G0u5m8cBJspe1t9qjZRlZ7WFgqq5bJrGdgAKMg==",
            "dev": true,
            "license": "MIT"
        },
        "node_modules/@types/node": {
            "version": "22.14.1",
            "resolved": "https://registry.npmjs.org/@types/node/-/node-22.14.1.tgz",
            "integrity": "sha512-u0HuPQwe/dHrItgHHpmw3N2fYCR6x4ivMNbPHRkBVP4CvN+kiRrKHWk3i8tXiO/joPwXLMYvF9TTF0eqgHIuOw==",
            "dev": true,
            "license": "MIT",
            "dependencies": {
                "undici-types": "~6.21.0"
            }
        },
        "node_modules/app-root-path": {
            "version": "3.1.0",
            "resolved": "https://registry.npmjs.org/app-root-path/-/app-root-path-3.1.0.tgz",
            "integrity": "sha512-biN3PwB2gUtjaYy/isrU3aNWI5w+fAfvHkSvCKeQGxhmYpwKFUxudR3Yya+KqVRHBmEDYh+/lTozYCFbmzX4nA==",
            "license": "MIT",
            "engines": {
                "node": ">= 6.0.0"
            }
        },
        "node_modules/chalk": {
            "version": "5.4.1",
            "resolved": "https://registry.npmjs.org/chalk/-/chalk-5.4.1.tgz",
            "integrity": "sha512-zgVZuo2WcZgfUEmsn6eO3kINexW8RAE4maiQ8QNs8CtpPCSyMiYsULR3HQYkm3w8FIA3SberyMJMSldGsW+U3w==",
            "license": "MIT",
            "engines": {
                "node": "^12.17.0 || ^14.13 || >=16.0.0"
            },
            "funding": {
                "url": "https://github.com/chalk/chalk?sponsor=1"
            }
        },
        "node_modules/ee-types": {
            "version": "4.0.4",
            "resolved": "https://registry.npmjs.org/ee-types/-/ee-types-4.0.4.tgz",
            "integrity": "sha512-mOiG7wpYodP/l6rurtC+VWVdckMV76W8hUkCNH2qRrLfBjMPLL1WmAsubkvBFS4uYDmdStSEyS7vAdSBKYStDw==",
            "license": "MIT"
        },
        "node_modules/error-stack-parser": {
            "version": "2.1.4",
            "resolved": "https://registry.npmjs.org/error-stack-parser/-/error-stack-parser-2.1.4.tgz",
            "integrity": "sha512-Sk5V6wVazPhq5MhpO+AUxJn5x7XSXGl1R93Vn7i+zS15KDVxQijejNCrz8340/2bgLBjR9GtEG8ZVKONDjcqGQ==",
            "license": "MIT",
            "dependencies": {
                "stackframe": "^1.3.4"
            }
        },
        "node_modules/logd-console-output": {
            "version": "3.0.5",
            "resolved": "https://registry.npmjs.org/logd-console-output/-/logd-console-output-3.0.5.tgz",
            "integrity": "sha512-BI38Lzfc3yYrgYAYgyE8vYsIKkUgPLNA0HG48ArUujkCX8N/Zsu8mGhGjX1/5qi1l9XAU8Yxt2mJxwRpsRyEfA==",
            "license": "MIT",
            "dependencies": {
                "app-root-path": "^3.1.0",
                "chalk": "^5.4.1",
                "ee-types": "^4.0.4",
                "error-stack-parser": "^2.1.4"
            }
        },
        "node_modules/stackframe": {
            "version": "1.3.4",
            "resolved": "https://registry.npmjs.org/stackframe/-/stackframe-1.3.4.tgz",
            "integrity": "sha512-oeVtt7eWQS+Na6F//S4kJ2K2VbRlS9D43mAlMyVpVWovy9o+jfgH8O9agzANzaiLjclA0oYzUXEM4PurhSUChw==",
            "license": "MIT"
        },
        "node_modules/typescript": {
            "version": "5.8.3",
            "resolved": "https://registry.npmjs.org/typescript/-/typescript-5.8.3.tgz",
            "integrity": "sha512-p1diW6TqL9L07nNxvRMM7hMMw4c5XOo/1ibL4aAIGmSAt9slTE1Xgw5KWuof2uTOvCg9BY7ZRi+GaF+7sfgPeQ==",
            "dev": true,
            "license": "Apache-2.0",
            "bin": {
                "tsc": "bin/tsc",
                "tsserver": "bin/tsserver"
            },
            "engines": {
                "node": ">=14.17"
            }
        },
        "node_modules/undici-types": {
            "version": "6.21.0",
            "resolved": "https://registry.npmjs.org/undici-types/-/undici-types-6.21.0.tgz",
            "integrity": "sha512-iwDZqg0QAGrg9Rav5H4n0M64c3mkR59cJ6wQp+7C4nI0gsmExaedaYLNO44eT4AtBBwjbTiGPMlt2Md0T9H9JQ==",
            "dev": true,
            "license": "MIT"
        }
    }
}
